// !$*UTF8*$!
{
	archiveVersion = 1;
	classes = {
	};
	objectVersion = 46;
	objects = {

/* Begin PBXBuildFile section */
		5A0583EA1B4D23100046C275 /* IDPSyntaxTests.m in Sources */ = {isa = PBXBuildFile; fileRef = 5A0583E91B4D23100046C275 /* IDPSyntaxTests.m */; };
		5A5446091B5FAF9F002DFB8B /* IDPKiwiTestExample.m in Sources */ = {isa = PBXBuildFile; fileRef = 5A5446081B5FAF9F002DFB8B /* IDPKiwiTestExample.m */; };
		5A5CB65E1B4A74A2002021A8 /* main.m in Sources */ = {isa = PBXBuildFile; fileRef = 5A5CB65D1B4A74A2002021A8 /* main.m */; };
		5A5CB6621B4A7998002021A8 /* IDPSyntax.m in Sources */ = {isa = PBXBuildFile; fileRef = 5A5CB6611B4A7998002021A8 /* IDPSyntax.m */; };
		5A6957711AFA0A8100FF2FDB /* main.c in Sources */ = {isa = PBXBuildFile; fileRef = 5A6957701AFA0A8100FF2FDB /* main.c */; };
		5A6ABE271B021B9C003EA6EB /* main.c in Sources */ = {isa = PBXBuildFile; fileRef = 5A6ABE251B021B9C003EA6EB /* main.c */; };
		5A6ABE2B1B021BF6003EA6EB /* IDPObject.c in Sources */ = {isa = PBXBuildFile; fileRef = 5A6ABE291B021BF6003EA6EB /* IDPObject.c */; };
		5A6ABE2E1B021DAA003EA6EB /* IDPObjectTests.c in Sources */ = {isa = PBXBuildFile; fileRef = 5A6ABE2C1B021DAA003EA6EB /* IDPObjectTests.c */; };
		5A6ABE321B0220F9003EA6EB /* IDPTestMacros.c in Sources */ = {isa = PBXBuildFile; fileRef = 5A6ABE311B0220F9003EA6EB /* IDPTestMacros.c */; };
		5A6ABE331B0221BE003EA6EB /* IDPTestMacros.c in Sources */ = {isa = PBXBuildFile; fileRef = 5A6ABE311B0220F9003EA6EB /* IDPTestMacros.c */; };
		5A9967881B4E86CE000A4E89 /* IDPEqualityObject.m in Sources */ = {isa = PBXBuildFile; fileRef = 5A9967871B4E86CE000A4E89 /* IDPEqualityObject.m */; };
		5A9967891B4E8BE7000A4E89 /* IDPEqualityObject.m in Sources */ = {isa = PBXBuildFile; fileRef = 5A9967871B4E86CE000A4E89 /* IDPEqualityObject.m */; };
		5A99FE991B09E09D00124722 /* IDPLinkedListNode.c in Sources */ = {isa = PBXBuildFile; fileRef = 5A99FE971B09E09D00124722 /* IDPLinkedListNode.c */; };
		5ABC95681B00AA43007CBBA5 /* IDPStructures.c in Sources */ = {isa = PBXBuildFile; fileRef = 5ABC95661B00AA43007CBBA5 /* IDPStructures.c */; };
		5ABC95701B00BFFD007CBBA5 /* IDPBitOutput.c in Sources */ = {isa = PBXBuildFile; fileRef = 5ABC956E1B00BFFD007CBBA5 /* IDPBitOutput.c */; };
		5AE2CE2B1B0DE491001CF5E1 /* IDPArray.c in Sources */ = {isa = PBXBuildFile; fileRef = 5AE2CE291B0DE491001CF5E1 /* IDPArray.c */; };
		5AE2CE2F1B0DE52D001CF5E1 /* IDPArrayTests.c in Sources */ = {isa = PBXBuildFile; fileRef = 5AE2CE2D1B0DE52D001CF5E1 /* IDPArrayTests.c */; };
		5AE401A91B5664B5005932C2 /* IDPBlockTests.m in Sources */ = {isa = PBXBuildFile; fileRef = 5AE401A81B5664B5005932C2 /* IDPBlockTests.m */; };
		5AF430F71B15A5E8001BE26E /* IDPLinkedList.c in Sources */ = {isa = PBXBuildFile; fileRef = 5AF430F51B15A5E8001BE26E /* IDPLinkedList.c */; };
		5AF430FB1B15A738001BE26E /* IDPLinkedListTests.c in Sources */ = {isa = PBXBuildFile; fileRef = 5AF430F91B15A738001BE26E /* IDPLinkedListTests.c */; };
		5AF5F56D1B1F0008001608F4 /* IDPLinkedListEnumerator.c in Sources */ = {isa = PBXBuildFile; fileRef = 5AF5F56B1B1F0008001608F4 /* IDPLinkedListEnumerator.c */; };
		5AF5F5701B1F071D001608F4 /* IDPObjectMacros.c in Sources */ = {isa = PBXBuildFile; fileRef = 5AF5F56E1B1F071D001608F4 /* IDPObjectMacros.c */; };
		5AFAEDEC1B4BE6E1008FC781 /* IDPSyntax+IDPExtensions.m in Sources */ = {isa = PBXBuildFile; fileRef = 5AFAEDEB1B4BE6E1008FC781 /* IDPSyntax+IDPExtensions.m */; };
		5AFAEDEF1B4BEAD0008FC781 /* IDPSyntaxSubclass.m in Sources */ = {isa = PBXBuildFile; fileRef = 5AFAEDEE1B4BEAD0008FC781 /* IDPSyntaxSubclass.m */; };
		EC39D5B7155537D38BCA56D1 /* libPods-IDPSyntaxTests.a in Frameworks */ = {isa = PBXBuildFile; fileRef = BDD6A8C1737E0B60E66761A3 /* libPods-IDPSyntaxTests.a */; };
/* End PBXBuildFile section */

/* Begin PBXCopyFilesBuildPhase section */
		5A5CB6521B4A7433002021A8 /* CopyFiles */ = {
			isa = PBXCopyFilesBuildPhase;
			buildActionMask = 2147483647;
			dstPath = /usr/share/man/man1/;
			dstSubfolderSpec = 0;
			files = (
			);
			runOnlyForDeploymentPostprocessing = 1;
		};
		5A6957631AFA05AE00FF2FDB /* CopyFiles */ = {
			isa = PBXCopyFilesBuildPhase;
			buildActionMask = 2147483647;
			dstPath = /usr/share/man/man1/;
			dstSubfolderSpec = 0;
			files = (
			);
			runOnlyForDeploymentPostprocessing = 1;
		};
		5A6ABE1B1B021B69003EA6EB /* CopyFiles */ = {
			isa = PBXCopyFilesBuildPhase;
			buildActionMask = 2147483647;
			dstPath = /usr/share/man/man1/;
			dstSubfolderSpec = 0;
			files = (
			);
			runOnlyForDeploymentPostprocessing = 1;
		};
/* End PBXCopyFilesBuildPhase section */

/* Begin PBXFileReference section */
		118EE580668BC2912F21C157 /* Pods-IDPSyntaxTests.debug.xcconfig */ = {isa = PBXFileReference; includeInIndex = 1; lastKnownFileType = text.xcconfig; name = "Pods-IDPSyntaxTests.debug.xcconfig"; path = "Pods/Target Support Files/Pods-IDPSyntaxTests/Pods-IDPSyntaxTests.debug.xcconfig"; sourceTree = "<group>"; };
		5A0583E51B4D23100046C275 /* IDPSyntaxTests.xctest */ = {isa = PBXFileReference; explicitFileType = wrapper.cfbundle; includeInIndex = 0; path = IDPSyntaxTests.xctest; sourceTree = BUILT_PRODUCTS_DIR; };
		5A0583E81B4D23100046C275 /* Info.plist */ = {isa = PBXFileReference; lastKnownFileType = text.plist.xml; path = Info.plist; sourceTree = "<group>"; };
		5A0583E91B4D23100046C275 /* IDPSyntaxTests.m */ = {isa = PBXFileReference; lastKnownFileType = sourcecode.c.objc; path = IDPSyntaxTests.m; sourceTree = "<group>"; };
		5A4A7A931AFA11C000CA5A3A /* IDPDefineSamples.h */ = {isa = PBXFileReference; fileEncoding = 4; lastKnownFileType = sourcecode.c.h; path = IDPDefineSamples.h; sourceTree = "<group>"; };
		5A4A7A951AFA201500CA5A3A /* IDPPrimitiveTypeOutput.h */ = {isa = PBXFileReference; fileEncoding = 4; lastKnownFileType = sourcecode.c.h; path = IDPPrimitiveTypeOutput.h; sourceTree = "<group>"; };
		5A5446081B5FAF9F002DFB8B /* IDPKiwiTestExample.m */ = {isa = PBXFileReference; fileEncoding = 4; lastKnownFileType = sourcecode.c.objc; path = IDPKiwiTestExample.m; sourceTree = "<group>"; };
		5A5CB6541B4A7433002021A8 /* ObjC Syntax */ = {isa = PBXFileReference; explicitFileType = "compiled.mach-o.executable"; includeInIndex = 0; path = "ObjC Syntax"; sourceTree = BUILT_PRODUCTS_DIR; };
		5A5CB65D1B4A74A2002021A8 /* main.m */ = {isa = PBXFileReference; fileEncoding = 4; lastKnownFileType = sourcecode.c.objc; path = main.m; sourceTree = "<group>"; };
		5A5CB6601B4A7998002021A8 /* IDPSyntax.h */ = {isa = PBXFileReference; fileEncoding = 4; lastKnownFileType = sourcecode.c.h; path = IDPSyntax.h; sourceTree = "<group>"; };
		5A5CB6611B4A7998002021A8 /* IDPSyntax.m */ = {isa = PBXFileReference; fileEncoding = 4; lastKnownFileType = sourcecode.c.objc; path = IDPSyntax.m; sourceTree = "<group>"; };
		5A63981A1B1F1B5C002E1D08 /* IDPLinkedListEnumeratorPrivate.h */ = {isa = PBXFileReference; lastKnownFileType = sourcecode.c.h; path = IDPLinkedListEnumeratorPrivate.h; sourceTree = "<group>"; };
		5A6957651AFA05AE00FF2FDB /* IDPStudy */ = {isa = PBXFileReference; explicitFileType = "compiled.mach-o.executable"; includeInIndex = 0; path = IDPStudy; sourceTree = BUILT_PRODUCTS_DIR; };
		5A6957701AFA0A8100FF2FDB /* main.c */ = {isa = PBXFileReference; fileEncoding = 4; lastKnownFileType = sourcecode.c.c; path = main.c; sourceTree = "<group>"; };
		5A6ABE1D1B021B69003EA6EB /* IDPObjects */ = {isa = PBXFileReference; explicitFileType = "compiled.mach-o.executable"; includeInIndex = 0; path = IDPObjects; sourceTree = BUILT_PRODUCTS_DIR; };
		5A6ABE251B021B9C003EA6EB /* main.c */ = {isa = PBXFileReference; fileEncoding = 4; lastKnownFileType = sourcecode.c.c; path = main.c; sourceTree = "<group>"; };
		5A6ABE291B021BF6003EA6EB /* IDPObject.c */ = {isa = PBXFileReference; fileEncoding = 4; lastKnownFileType = sourcecode.c.c; path = IDPObject.c; sourceTree = "<group>"; };
		5A6ABE2A1B021BF6003EA6EB /* IDPObject.h */ = {isa = PBXFileReference; fileEncoding = 4; lastKnownFileType = sourcecode.c.h; path = IDPObject.h; sourceTree = "<group>"; };
		5A6ABE2C1B021DAA003EA6EB /* IDPObjectTests.c */ = {isa = PBXFileReference; fileEncoding = 4; lastKnownFileType = sourcecode.c.c; path = IDPObjectTests.c; sourceTree = "<group>"; };
		5A6ABE2D1B021DAA003EA6EB /* IDPObjectTests.h */ = {isa = PBXFileReference; fileEncoding = 4; lastKnownFileType = sourcecode.c.h; path = IDPObjectTests.h; sourceTree = "<group>"; };
		5A6ABE301B021E46003EA6EB /* IDPTestMacros.h */ = {isa = PBXFileReference; fileEncoding = 4; lastKnownFileType = sourcecode.c.h; path = IDPTestMacros.h; sourceTree = "<group>"; };
		5A6ABE311B0220F9003EA6EB /* IDPTestMacros.c */ = {isa = PBXFileReference; fileEncoding = 4; lastKnownFileType = sourcecode.c.c; path = IDPTestMacros.c; sourceTree = "<group>"; };
		5A9967861B4E86CE000A4E89 /* IDPEqualityObject.h */ = {isa = PBXFileReference; fileEncoding = 4; lastKnownFileType = sourcecode.c.h; path = IDPEqualityObject.h; sourceTree = "<group>"; };
		5A9967871B4E86CE000A4E89 /* IDPEqualityObject.m */ = {isa = PBXFileReference; fileEncoding = 4; lastKnownFileType = sourcecode.c.objc; path = IDPEqualityObject.m; sourceTree = "<group>"; };
		5A99FE971B09E09D00124722 /* IDPLinkedListNode.c */ = {isa = PBXFileReference; fileEncoding = 4; lastKnownFileType = sourcecode.c.c; path = IDPLinkedListNode.c; sourceTree = "<group>"; };
		5A99FE981B09E09D00124722 /* IDPLinkedListNode.h */ = {isa = PBXFileReference; fileEncoding = 4; lastKnownFileType = sourcecode.c.h; path = IDPLinkedListNode.h; sourceTree = "<group>"; };
		5AA5675F1AFA48240094451F /* IDPStudyPlan */ = {isa = PBXFileReference; lastKnownFileType = text; path = IDPStudyPlan; sourceTree = "<group>"; };
		5ABC95661B00AA43007CBBA5 /* IDPStructures.c */ = {isa = PBXFileReference; fileEncoding = 4; lastKnownFileType = sourcecode.c.c; path = IDPStructures.c; sourceTree = "<group>"; };
		5ABC95671B00AA43007CBBA5 /* IDPStructures.h */ = {isa = PBXFileReference; fileEncoding = 4; lastKnownFileType = sourcecode.c.h; path = IDPStructures.h; sourceTree = "<group>"; };
		5ABC956E1B00BFFD007CBBA5 /* IDPBitOutput.c */ = {isa = PBXFileReference; fileEncoding = 4; lastKnownFileType = sourcecode.c.c; path = IDPBitOutput.c; sourceTree = "<group>"; };
		5ABC956F1B00BFFD007CBBA5 /* IDPBitOutput.h */ = {isa = PBXFileReference; fileEncoding = 4; lastKnownFileType = sourcecode.c.h; path = IDPBitOutput.h; sourceTree = "<group>"; };
		5AE2CE291B0DE491001CF5E1 /* IDPArray.c */ = {isa = PBXFileReference; fileEncoding = 4; lastKnownFileType = sourcecode.c.c; path = IDPArray.c; sourceTree = "<group>"; };
		5AE2CE2A1B0DE491001CF5E1 /* IDPArray.h */ = {isa = PBXFileReference; fileEncoding = 4; lastKnownFileType = sourcecode.c.h; path = IDPArray.h; sourceTree = "<group>"; };
		5AE2CE2D1B0DE52D001CF5E1 /* IDPArrayTests.c */ = {isa = PBXFileReference; fileEncoding = 4; lastKnownFileType = sourcecode.c.c; path = IDPArrayTests.c; sourceTree = "<group>"; };
		5AE2CE2E1B0DE52D001CF5E1 /* IDPArrayTests.h */ = {isa = PBXFileReference; fileEncoding = 4; lastKnownFileType = sourcecode.c.h; path = IDPArrayTests.h; sourceTree = "<group>"; };
		5AE401A81B5664B5005932C2 /* IDPBlockTests.m */ = {isa = PBXFileReference; fileEncoding = 4; lastKnownFileType = sourcecode.c.objc; path = IDPBlockTests.m; sourceTree = "<group>"; };
		5AF430F51B15A5E8001BE26E /* IDPLinkedList.c */ = {isa = PBXFileReference; fileEncoding = 4; lastKnownFileType = sourcecode.c.c; path = IDPLinkedList.c; sourceTree = "<group>"; };
		5AF430F61B15A5E8001BE26E /* IDPLinkedList.h */ = {isa = PBXFileReference; fileEncoding = 4; lastKnownFileType = sourcecode.c.h; path = IDPLinkedList.h; sourceTree = "<group>"; };
		5AF430F91B15A738001BE26E /* IDPLinkedListTests.c */ = {isa = PBXFileReference; fileEncoding = 4; lastKnownFileType = sourcecode.c.c; path = IDPLinkedListTests.c; sourceTree = "<group>"; };
		5AF430FA1B15A738001BE26E /* IDPLinkedListTests.h */ = {isa = PBXFileReference; fileEncoding = 4; lastKnownFileType = sourcecode.c.h; path = IDPLinkedListTests.h; sourceTree = "<group>"; };
		5AF5F56B1B1F0008001608F4 /* IDPLinkedListEnumerator.c */ = {isa = PBXFileReference; fileEncoding = 4; lastKnownFileType = sourcecode.c.c; path = IDPLinkedListEnumerator.c; sourceTree = "<group>"; };
		5AF5F56C1B1F0008001608F4 /* IDPLinkedListEnumerator.h */ = {isa = PBXFileReference; fileEncoding = 4; lastKnownFileType = sourcecode.c.h; path = IDPLinkedListEnumerator.h; sourceTree = "<group>"; };
		5AF5F56E1B1F071D001608F4 /* IDPObjectMacros.c */ = {isa = PBXFileReference; fileEncoding = 4; lastKnownFileType = sourcecode.c.c; path = IDPObjectMacros.c; sourceTree = "<group>"; };
		5AF5F56F1B1F071D001608F4 /* IDPObjectMacros.h */ = {isa = PBXFileReference; fileEncoding = 4; lastKnownFileType = sourcecode.c.h; path = IDPObjectMacros.h; sourceTree = "<group>"; };
		5AF5F5731B1F109C001608F4 /* IDPLinkedListPrivate.h */ = {isa = PBXFileReference; fileEncoding = 4; lastKnownFileType = sourcecode.c.h; path = IDPLinkedListPrivate.h; sourceTree = "<group>"; };
		5AFAEDEA1B4BE6E1008FC781 /* IDPSyntax+IDPExtensions.h */ = {isa = PBXFileReference; fileEncoding = 4; lastKnownFileType = sourcecode.c.h; path = "IDPSyntax+IDPExtensions.h"; sourceTree = "<group>"; };
		5AFAEDEB1B4BE6E1008FC781 /* IDPSyntax+IDPExtensions.m */ = {isa = PBXFileReference; fileEncoding = 4; lastKnownFileType = sourcecode.c.objc; path = "IDPSyntax+IDPExtensions.m"; sourceTree = "<group>"; };
		5AFAEDED1B4BEAD0008FC781 /* IDPSyntaxSubclass.h */ = {isa = PBXFileReference; fileEncoding = 4; lastKnownFileType = sourcecode.c.h; path = IDPSyntaxSubclass.h; sourceTree = "<group>"; };
		5AFAEDEE1B4BEAD0008FC781 /* IDPSyntaxSubclass.m */ = {isa = PBXFileReference; fileEncoding = 4; lastKnownFileType = sourcecode.c.objc; path = IDPSyntaxSubclass.m; sourceTree = "<group>"; };
		BDD6A8C1737E0B60E66761A3 /* libPods-IDPSyntaxTests.a */ = {isa = PBXFileReference; explicitFileType = archive.ar; includeInIndex = 0; path = "libPods-IDPSyntaxTests.a"; sourceTree = BUILT_PRODUCTS_DIR; };
		DCDC9BD5261F6E8B8E9013F3 /* Pods-IDPSyntaxTests.release.xcconfig */ = {isa = PBXFileReference; includeInIndex = 1; lastKnownFileType = text.xcconfig; name = "Pods-IDPSyntaxTests.release.xcconfig"; path = "Pods/Target Support Files/Pods-IDPSyntaxTests/Pods-IDPSyntaxTests.release.xcconfig"; sourceTree = "<group>"; };
/* End PBXFileReference section */

/* Begin PBXFrameworksBuildPhase section */
		5A0583E21B4D23100046C275 /* Frameworks */ = {
			isa = PBXFrameworksBuildPhase;
			buildActionMask = 2147483647;
			files = (
				EC39D5B7155537D38BCA56D1 /* libPods-IDPSyntaxTests.a in Frameworks */,
			);
			runOnlyForDeploymentPostprocessing = 0;
		};
		5A5CB6511B4A7433002021A8 /* Frameworks */ = {
			isa = PBXFrameworksBuildPhase;
			buildActionMask = 2147483647;
			files = (
			);
			runOnlyForDeploymentPostprocessing = 0;
		};
		5A6957621AFA05AE00FF2FDB /* Frameworks */ = {
			isa = PBXFrameworksBuildPhase;
			buildActionMask = 2147483647;
			files = (
			);
			runOnlyForDeploymentPostprocessing = 0;
		};
		5A6ABE1A1B021B69003EA6EB /* Frameworks */ = {
			isa = PBXFrameworksBuildPhase;
			buildActionMask = 2147483647;
			files = (
			);
			runOnlyForDeploymentPostprocessing = 0;
		};
/* End PBXFrameworksBuildPhase section */

/* Begin PBXGroup section */
		5A0583E61B4D23100046C275 /* IDPSyntaxTests */ = {
			isa = PBXGroup;
			children = (
				5A0583E91B4D23100046C275 /* IDPSyntaxTests.m */,
				5A0583E71B4D23100046C275 /* Supporting Files */,
				5AE401A81B5664B5005932C2 /* IDPBlockTests.m */,
				5A5446081B5FAF9F002DFB8B /* IDPKiwiTestExample.m */,
			);
			path = IDPSyntaxTests;
			sourceTree = "<group>";
		};
		5A0583E71B4D23100046C275 /* Supporting Files */ = {
			isa = PBXGroup;
			children = (
				5A0583E81B4D23100046C275 /* Info.plist */,
			);
			name = "Supporting Files";
			sourceTree = "<group>";
		};
		5A4A7A921AFA114A00CA5A3A /* IDPDefineSamples */ = {
			isa = PBXGroup;
			children = (
				5A4A7A931AFA11C000CA5A3A /* IDPDefineSamples.h */,
			);
			path = IDPDefineSamples;
			sourceTree = "<group>";
		};
		5A4A7A941AFA1FBE00CA5A3A /* IDPPrimitiveTypeOutput */ = {
			isa = PBXGroup;
			children = (
				5A4A7A951AFA201500CA5A3A /* IDPPrimitiveTypeOutput.h */,
			);
			path = IDPPrimitiveTypeOutput;
			sourceTree = "<group>";
		};
		5A5CB6551B4A7433002021A8 /* ObjC Syntax */ = {
			isa = PBXGroup;
			children = (
				5A5CB65C1B4A747D002021A8 /* Source */,
			);
			path = "ObjC Syntax";
			sourceTree = "<group>";
		};
		5A5CB65C1B4A747D002021A8 /* Source */ = {
			isa = PBXGroup;
			children = (
				5A9967851B4E8677000A4E89 /* IDPEqualityObject */,
				5A5CB65F1B4A78D6002021A8 /* IDPSyntax */,
				5A5CB65D1B4A74A2002021A8 /* main.m */,
			);
			path = Source;
			sourceTree = "<group>";
		};
		5A5CB65F1B4A78D6002021A8 /* IDPSyntax */ = {
			isa = PBXGroup;
			children = (
				5A5CB6601B4A7998002021A8 /* IDPSyntax.h */,
				5A5CB6611B4A7998002021A8 /* IDPSyntax.m */,
				5AFAEDEA1B4BE6E1008FC781 /* IDPSyntax+IDPExtensions.h */,
				5AFAEDEB1B4BE6E1008FC781 /* IDPSyntax+IDPExtensions.m */,
				5AFAEDED1B4BEAD0008FC781 /* IDPSyntaxSubclass.h */,
				5AFAEDEE1B4BEAD0008FC781 /* IDPSyntaxSubclass.m */,
			);
			path = IDPSyntax;
			sourceTree = "<group>";
		};
		5A69575C1AFA05AE00FF2FDB = {
			isa = PBXGroup;
			children = (
				5AA5675F1AFA48240094451F /* IDPStudyPlan */,
				5A6ABE2F1B021E0F003EA6EB /* Shared */,
				5A6957671AFA05AE00FF2FDB /* IDPStudy */,
				5A6ABE1E1B021B69003EA6EB /* IDPObjects */,
				5A5CB6551B4A7433002021A8 /* ObjC Syntax */,
				5A0583E61B4D23100046C275 /* IDPSyntaxTests */,
				5A6957661AFA05AE00FF2FDB /* Products */,
				8B868FBAB1CDBF6F9D966C1C /* Pods */,
				8F476ACB35568EB3F36B6EA4 /* Frameworks */,
			);
			sourceTree = "<group>";
		};
		5A6957661AFA05AE00FF2FDB /* Products */ = {
			isa = PBXGroup;
			children = (
				5A6957651AFA05AE00FF2FDB /* IDPStudy */,
				5A6ABE1D1B021B69003EA6EB /* IDPObjects */,
				5A5CB6541B4A7433002021A8 /* ObjC Syntax */,
				5A0583E51B4D23100046C275 /* IDPSyntaxTests.xctest */,
			);
			name = Products;
			sourceTree = "<group>";
		};
		5A6957671AFA05AE00FF2FDB /* IDPStudy */ = {
			isa = PBXGroup;
			children = (
				5A69576F1AFA09E900FF2FDB /* Source */,
			);
			path = IDPStudy;
			sourceTree = "<group>";
		};
		5A69576F1AFA09E900FF2FDB /* Source */ = {
			isa = PBXGroup;
			children = (
				5ABC956D1B00BFE4007CBBA5 /* IDPBitOutput */,
				5ABC95651B00A9E0007CBBA5 /* IDPStructures */,
				5A4A7A941AFA1FBE00CA5A3A /* IDPPrimitiveTypeOutput */,
				5A4A7A921AFA114A00CA5A3A /* IDPDefineSamples */,
				5A6957701AFA0A8100FF2FDB /* main.c */,
			);
			path = Source;
			sourceTree = "<group>";
		};
		5A6ABE1E1B021B69003EA6EB /* IDPObjects */ = {
			isa = PBXGroup;
			children = (
				5A6ABE241B021B9C003EA6EB /* Source */,
				5A6ABE261B021B9C003EA6EB /* Tests */,
			);
			path = IDPObjects;
			sourceTree = "<group>";
		};
		5A6ABE241B021B9C003EA6EB /* Source */ = {
			isa = PBXGroup;
			children = (
				5A99FE951B09E06A00124722 /* IDPLinkedList */,
				5A6ABE281B021BD3003EA6EB /* IDPObject */,
				5A6ABE251B021B9C003EA6EB /* main.c */,
				5AE2CE291B0DE491001CF5E1 /* IDPArray.c */,
				5AE2CE2A1B0DE491001CF5E1 /* IDPArray.h */,
			);
			path = Source;
			sourceTree = "<group>";
		};
		5A6ABE261B021B9C003EA6EB /* Tests */ = {
			isa = PBXGroup;
			children = (
				5AF430F81B15A714001BE26E /* IDPLinkedListTests */,
				5AE2CE2C1B0DE503001CF5E1 /* IDPArrayTests */,
				5A6ABE2C1B021DAA003EA6EB /* IDPObjectTests.c */,
				5A6ABE2D1B021DAA003EA6EB /* IDPObjectTests.h */,
			);
			path = Tests;
			sourceTree = "<group>";
		};
		5A6ABE281B021BD3003EA6EB /* IDPObject */ = {
			isa = PBXGroup;
			children = (
				5A6ABE291B021BF6003EA6EB /* IDPObject.c */,
				5A6ABE2A1B021BF6003EA6EB /* IDPObject.h */,
				5AF5F56E1B1F071D001608F4 /* IDPObjectMacros.c */,
				5AF5F56F1B1F071D001608F4 /* IDPObjectMacros.h */,
			);
			path = IDPObject;
			sourceTree = "<group>";
		};
		5A6ABE2F1B021E0F003EA6EB /* Shared */ = {
			isa = PBXGroup;
			children = (
				5A6ABE301B021E46003EA6EB /* IDPTestMacros.h */,
				5A6ABE311B0220F9003EA6EB /* IDPTestMacros.c */,
			);
			path = Shared;
			sourceTree = "<group>";
		};
		5A9967851B4E8677000A4E89 /* IDPEqualityObject */ = {
			isa = PBXGroup;
			children = (
				5A9967861B4E86CE000A4E89 /* IDPEqualityObject.h */,
				5A9967871B4E86CE000A4E89 /* IDPEqualityObject.m */,
			);
			path = IDPEqualityObject;
			sourceTree = "<group>";
		};
		5A99FE951B09E06A00124722 /* IDPLinkedList */ = {
			isa = PBXGroup;
			children = (
				5AF5F56A1B1EFFE1001608F4 /* IDPLinkedListEnumerator */,
				5A99FE961B09E07F00124722 /* IDPLinkedListNode */,
				5AF430F51B15A5E8001BE26E /* IDPLinkedList.c */,
				5AF430F61B15A5E8001BE26E /* IDPLinkedList.h */,
				5AF5F5731B1F109C001608F4 /* IDPLinkedListPrivate.h */,
			);
			path = IDPLinkedList;
			sourceTree = "<group>";
		};
		5A99FE961B09E07F00124722 /* IDPLinkedListNode */ = {
			isa = PBXGroup;
			children = (
				5A99FE971B09E09D00124722 /* IDPLinkedListNode.c */,
				5A99FE981B09E09D00124722 /* IDPLinkedListNode.h */,
			);
			path = IDPLinkedListNode;
			sourceTree = "<group>";
		};
		5ABC95651B00A9E0007CBBA5 /* IDPStructures */ = {
			isa = PBXGroup;
			children = (
				5ABC95661B00AA43007CBBA5 /* IDPStructures.c */,
				5ABC95671B00AA43007CBBA5 /* IDPStructures.h */,
			);
			path = IDPStructures;
			sourceTree = "<group>";
		};
		5ABC956D1B00BFE4007CBBA5 /* IDPBitOutput */ = {
			isa = PBXGroup;
			children = (
				5ABC956E1B00BFFD007CBBA5 /* IDPBitOutput.c */,
				5ABC956F1B00BFFD007CBBA5 /* IDPBitOutput.h */,
			);
			path = IDPBitOutput;
			sourceTree = "<group>";
		};
		5AE2CE2C1B0DE503001CF5E1 /* IDPArrayTests */ = {
			isa = PBXGroup;
			children = (
				5AE2CE2D1B0DE52D001CF5E1 /* IDPArrayTests.c */,
				5AE2CE2E1B0DE52D001CF5E1 /* IDPArrayTests.h */,
			);
			path = IDPArrayTests;
			sourceTree = "<group>";
		};
		5AF430F81B15A714001BE26E /* IDPLinkedListTests */ = {
			isa = PBXGroup;
			children = (
				5AF430F91B15A738001BE26E /* IDPLinkedListTests.c */,
				5AF430FA1B15A738001BE26E /* IDPLinkedListTests.h */,
			);
			path = IDPLinkedListTests;
			sourceTree = "<group>";
		};
		5AF5F56A1B1EFFE1001608F4 /* IDPLinkedListEnumerator */ = {
			isa = PBXGroup;
			children = (
				5AF5F56B1B1F0008001608F4 /* IDPLinkedListEnumerator.c */,
				5AF5F56C1B1F0008001608F4 /* IDPLinkedListEnumerator.h */,
				5A63981A1B1F1B5C002E1D08 /* IDPLinkedListEnumeratorPrivate.h */,
			);
			path = IDPLinkedListEnumerator;
			sourceTree = "<group>";
		};
		8B868FBAB1CDBF6F9D966C1C /* Pods */ = {
			isa = PBXGroup;
			children = (
				118EE580668BC2912F21C157 /* Pods-IDPSyntaxTests.debug.xcconfig */,
				DCDC9BD5261F6E8B8E9013F3 /* Pods-IDPSyntaxTests.release.xcconfig */,
			);
			name = Pods;
			sourceTree = "<group>";
		};
		8F476ACB35568EB3F36B6EA4 /* Frameworks */ = {
			isa = PBXGroup;
			children = (
				BDD6A8C1737E0B60E66761A3 /* libPods-IDPSyntaxTests.a */,
			);
			name = Frameworks;
			sourceTree = "<group>";
		};
/* End PBXGroup section */

/* Begin PBXNativeTarget section */
		5A0583E41B4D23100046C275 /* IDPSyntaxTests */ = {
			isa = PBXNativeTarget;
			buildConfigurationList = 5A0583EB1B4D23100046C275 /* Build configuration list for PBXNativeTarget "IDPSyntaxTests" */;
			buildPhases = (
				520B73654F3989498055DF81 /* Check Pods Manifest.lock */,
				5A0583E11B4D23100046C275 /* Sources */,
				5A0583E21B4D23100046C275 /* Frameworks */,
				5A0583E31B4D23100046C275 /* Resources */,
				0692BE130372AE763D7084CC /* Copy Pods Resources */,
			);
			buildRules = (
			);
			dependencies = (
			);
			name = IDPSyntaxTests;
			productName = IDPSyntaxTests;
			productReference = 5A0583E51B4D23100046C275 /* IDPSyntaxTests.xctest */;
			productType = "com.apple.product-type.bundle.unit-test";
		};
		5A5CB6531B4A7433002021A8 /* ObjC Syntax */ = {
			isa = PBXNativeTarget;
			buildConfigurationList = 5A5CB65A1B4A7433002021A8 /* Build configuration list for PBXNativeTarget "ObjC Syntax" */;
			buildPhases = (
				5A5CB6501B4A7433002021A8 /* Sources */,
				5A5CB6511B4A7433002021A8 /* Frameworks */,
				5A5CB6521B4A7433002021A8 /* CopyFiles */,
			);
			buildRules = (
			);
			dependencies = (
			);
			name = "ObjC Syntax";
			productName = "ObjC Syntax";
			productReference = 5A5CB6541B4A7433002021A8 /* ObjC Syntax */;
			productType = "com.apple.product-type.tool";
		};
		5A6957641AFA05AE00FF2FDB /* IDPStudy */ = {
			isa = PBXNativeTarget;
			buildConfigurationList = 5A69576C1AFA05AE00FF2FDB /* Build configuration list for PBXNativeTarget "IDPStudy" */;
			buildPhases = (
				5A6957611AFA05AE00FF2FDB /* Sources */,
				5A6957621AFA05AE00FF2FDB /* Frameworks */,
				5A6957631AFA05AE00FF2FDB /* CopyFiles */,
			);
			buildRules = (
			);
			dependencies = (
			);
			name = IDPStudy;
			productName = IDPStudy;
			productReference = 5A6957651AFA05AE00FF2FDB /* IDPStudy */;
			productType = "com.apple.product-type.tool";
		};
		5A6ABE1C1B021B69003EA6EB /* IDPObjects */ = {
			isa = PBXNativeTarget;
			buildConfigurationList = 5A6ABE211B021B69003EA6EB /* Build configuration list for PBXNativeTarget "IDPObjects" */;
			buildPhases = (
				5A6ABE191B021B69003EA6EB /* Sources */,
				5A6ABE1A1B021B69003EA6EB /* Frameworks */,
				5A6ABE1B1B021B69003EA6EB /* CopyFiles */,
			);
			buildRules = (
			);
			dependencies = (
			);
			name = IDPObjects;
			productName = IDPObjects;
			productReference = 5A6ABE1D1B021B69003EA6EB /* IDPObjects */;
			productType = "com.apple.product-type.tool";
		};
/* End PBXNativeTarget section */

/* Begin PBXProject section */
		5A69575D1AFA05AE00FF2FDB /* Project object */ = {
			isa = PBXProject;
			attributes = {
				CLASSPREFIX = IDP;
				LastUpgradeCheck = 0630;
				ORGANIZATIONNAME = "IDAP College";
				TargetAttributes = {
					5A0583E41B4D23100046C275 = {
						CreatedOnToolsVersion = 6.3.1;
					};
					5A5CB6531B4A7433002021A8 = {
						CreatedOnToolsVersion = 6.3.1;
					};
					5A6957641AFA05AE00FF2FDB = {
						CreatedOnToolsVersion = 6.3.1;
					};
					5A6ABE1C1B021B69003EA6EB = {
						CreatedOnToolsVersion = 6.3.1;
					};
				};
			};
			buildConfigurationList = 5A6957601AFA05AE00FF2FDB /* Build configuration list for PBXProject "IDPStudy" */;
			compatibilityVersion = "Xcode 3.2";
			developmentRegion = English;
			hasScannedForEncodings = 0;
			knownRegions = (
				en,
			);
			mainGroup = 5A69575C1AFA05AE00FF2FDB;
			productRefGroup = 5A6957661AFA05AE00FF2FDB /* Products */;
			projectDirPath = "";
			projectRoot = "";
			targets = (
				5A6957641AFA05AE00FF2FDB /* IDPStudy */,
				5A6ABE1C1B021B69003EA6EB /* IDPObjects */,
				5A5CB6531B4A7433002021A8 /* ObjC Syntax */,
				5A0583E41B4D23100046C275 /* IDPSyntaxTests */,
			);
		};
/* End PBXProject section */

/* Begin PBXResourcesBuildPhase section */
		5A0583E31B4D23100046C275 /* Resources */ = {
			isa = PBXResourcesBuildPhase;
			buildActionMask = 2147483647;
			files = (
			);
			runOnlyForDeploymentPostprocessing = 0;
		};
/* End PBXResourcesBuildPhase section */

/* Begin PBXShellScriptBuildPhase section */
		0692BE130372AE763D7084CC /* Copy Pods Resources */ = {
			isa = PBXShellScriptBuildPhase;
			buildActionMask = 2147483647;
			files = (
			);
			inputPaths = (
			);
			name = "Copy Pods Resources";
			outputPaths = (
			);
			runOnlyForDeploymentPostprocessing = 0;
			shellPath = /bin/sh;
			shellScript = "\"${SRCROOT}/Pods/Target Support Files/Pods-IDPSyntaxTests/Pods-IDPSyntaxTests-resources.sh\"\n";
			showEnvVarsInLog = 0;
		};
		520B73654F3989498055DF81 /* Check Pods Manifest.lock */ = {
			isa = PBXShellScriptBuildPhase;
			buildActionMask = 2147483647;
			files = (
			);
			inputPaths = (
			);
			name = "Check Pods Manifest.lock";
			outputPaths = (
			);
			runOnlyForDeploymentPostprocessing = 0;
			shellPath = /bin/sh;
			shellScript = "diff \"${PODS_ROOT}/../Podfile.lock\" \"${PODS_ROOT}/Manifest.lock\" > /dev/null\nif [[ $? != 0 ]] ; then\n    cat << EOM\nerror: The sandbox is not in sync with the Podfile.lock. Run 'pod install' or update your CocoaPods installation.\nEOM\n    exit 1\nfi\n";
			showEnvVarsInLog = 0;
		};
/* End PBXShellScriptBuildPhase section */

/* Begin PBXSourcesBuildPhase section */
		5A0583E11B4D23100046C275 /* Sources */ = {
			isa = PBXSourcesBuildPhase;
			buildActionMask = 2147483647;
			files = (
				5A5446091B5FAF9F002DFB8B /* IDPKiwiTestExample.m in Sources */,
				5AE401A91B5664B5005932C2 /* IDPBlockTests.m in Sources */,
				5A9967891B4E8BE7000A4E89 /* IDPEqualityObject.m in Sources */,
				5A0583EA1B4D23100046C275 /* IDPSyntaxTests.m in Sources */,
			);
			runOnlyForDeploymentPostprocessing = 0;
		};
		5A5CB6501B4A7433002021A8 /* Sources */ = {
			isa = PBXSourcesBuildPhase;
			buildActionMask = 2147483647;
			files = (
				5A5CB6621B4A7998002021A8 /* IDPSyntax.m in Sources */,
				5AFAEDEC1B4BE6E1008FC781 /* IDPSyntax+IDPExtensions.m in Sources */,
				5AFAEDEF1B4BEAD0008FC781 /* IDPSyntaxSubclass.m in Sources */,
				5A9967881B4E86CE000A4E89 /* IDPEqualityObject.m in Sources */,
				5A5CB65E1B4A74A2002021A8 /* main.m in Sources */,
			);
			runOnlyForDeploymentPostprocessing = 0;
		};
		5A6957611AFA05AE00FF2FDB /* Sources */ = {
			isa = PBXSourcesBuildPhase;
			buildActionMask = 2147483647;
			files = (
				5ABC95701B00BFFD007CBBA5 /* IDPBitOutput.c in Sources */,
				5A6ABE331B0221BE003EA6EB /* IDPTestMacros.c in Sources */,
				5ABC95681B00AA43007CBBA5 /* IDPStructures.c in Sources */,
				5A6957711AFA0A8100FF2FDB /* main.c in Sources */,
			);
			runOnlyForDeploymentPostprocessing = 0;
		};
		5A6ABE191B021B69003EA6EB /* Sources */ = {
			isa = PBXSourcesBuildPhase;
			buildActionMask = 2147483647;
			files = (
				5A6ABE2B1B021BF6003EA6EB /* IDPObject.c in Sources */,
				5AF430FB1B15A738001BE26E /* IDPLinkedListTests.c in Sources */,
				5A6ABE271B021B9C003EA6EB /* main.c in Sources */,
				5AF5F5701B1F071D001608F4 /* IDPObjectMacros.c in Sources */,
				5A6ABE321B0220F9003EA6EB /* IDPTestMacros.c in Sources */,
				5AF5F56D1B1F0008001608F4 /* IDPLinkedListEnumerator.c in Sources */,
				5A6ABE2E1B021DAA003EA6EB /* IDPObjectTests.c in Sources */,
				5AE2CE2B1B0DE491001CF5E1 /* IDPArray.c in Sources */,
				5A99FE991B09E09D00124722 /* IDPLinkedListNode.c in Sources */,
				5AE2CE2F1B0DE52D001CF5E1 /* IDPArrayTests.c in Sources */,
				5AF430F71B15A5E8001BE26E /* IDPLinkedList.c in Sources */,
			);
			runOnlyForDeploymentPostprocessing = 0;
		};
/* End PBXSourcesBuildPhase section */

/* Begin XCBuildConfiguration section */
		5A0583EC1B4D23100046C275 /* Debug */ = {
			isa = XCBuildConfiguration;
			baseConfigurationReference = 118EE580668BC2912F21C157 /* Pods-IDPSyntaxTests.debug.xcconfig */;
			buildSettings = {
				CLANG_ENABLE_OBJC_ARC = YES;
				COMBINE_HIDPI_IMAGES = YES;
				FRAMEWORK_SEARCH_PATHS = (
					"$(DEVELOPER_FRAMEWORKS_DIR)",
					"$(inherited)",
				);
				GCC_PREPROCESSOR_DEFINITIONS = (
					"DEBUG=1",
					"$(inherited)",
				);
				INFOPLIST_FILE = IDPSyntaxTests/Info.plist;
				LD_RUNPATH_SEARCH_PATHS = "$(inherited) @executable_path/../Frameworks @loader_path/../Frameworks";
				PRODUCT_NAME = "$(TARGET_NAME)";
			};
			name = Debug;
		};
		5A0583ED1B4D23100046C275 /* Release */ = {
			isa = XCBuildConfiguration;
			baseConfigurationReference = DCDC9BD5261F6E8B8E9013F3 /* Pods-IDPSyntaxTests.release.xcconfig */;
			buildSettings = {
				CLANG_ENABLE_OBJC_ARC = YES;
				COMBINE_HIDPI_IMAGES = YES;
				FRAMEWORK_SEARCH_PATHS = (
					"$(DEVELOPER_FRAMEWORKS_DIR)",
					"$(inherited)",
				);
				INFOPLIST_FILE = IDPSyntaxTests/Info.plist;
				LD_RUNPATH_SEARCH_PATHS = "$(inherited) @executable_path/../Frameworks @loader_path/../Frameworks";
				PRODUCT_NAME = "$(TARGET_NAME)";
			};
			name = Release;
		};
		5A5CB6581B4A7433002021A8 /* Debug */ = {
			isa = XCBuildConfiguration;
			buildSettings = {
				CLANG_ENABLE_OBJC_ARC = NO;
				ENABLE_STRICT_OBJC_MSGSEND = NO;
				GCC_PREPROCESSOR_DEFINITIONS = (
					"DEBUG=1",
					"$(inherited)",
				);
				OTHER_LDFLAGS = "";
				PRODUCT_NAME = "$(TARGET_NAME)";
			};
			name = Debug;
		};
		5A5CB6591B4A7433002021A8 /* Release */ = {
			isa = XCBuildConfiguration;
			buildSettings = {
				CLANG_ENABLE_OBJC_ARC = NO;
				ENABLE_STRICT_OBJC_MSGSEND = NO;
				OTHER_LDFLAGS = "";
				PRODUCT_NAME = "$(TARGET_NAME)";
			};
			name = Release;
		};
		5A69576A1AFA05AE00FF2FDB /* Debug */ = {
			isa = XCBuildConfiguration;
			buildSettings = {
				ALWAYS_SEARCH_USER_PATHS = NO;
				CLANG_CXX_LANGUAGE_STANDARD = "gnu++0x";
				CLANG_CXX_LIBRARY = "libc++";
				CLANG_ENABLE_MODULES = YES;
				CLANG_ENABLE_OBJC_ARC = YES;
				CLANG_WARN_BOOL_CONVERSION = YES;
				CLANG_WARN_CONSTANT_CONVERSION = YES;
				CLANG_WARN_DIRECT_OBJC_ISA_USAGE = YES_ERROR;
				CLANG_WARN_EMPTY_BODY = YES;
				CLANG_WARN_ENUM_CONVERSION = YES;
				CLANG_WARN_INT_CONVERSION = YES;
				CLANG_WARN_OBJC_ROOT_CLASS = YES_ERROR;
				CLANG_WARN_UNREACHABLE_CODE = YES;
				CLANG_WARN__DUPLICATE_METHOD_MATCH = YES;
				COPY_PHASE_STRIP = NO;
				DEBUG_INFORMATION_FORMAT = dwarf;
				ENABLE_STRICT_OBJC_MSGSEND = YES;
				GCC_C_LANGUAGE_STANDARD = gnu99;
				GCC_DYNAMIC_NO_PIC = NO;
				GCC_NO_COMMON_BLOCKS = YES;
				GCC_OPTIMIZATION_LEVEL = 0;
				GCC_PREPROCESSOR_DEFINITIONS = (
					"DEBUG=1",
					"$(inherited)",
				);
				GCC_SYMBOLS_PRIVATE_EXTERN = NO;
				GCC_WARN_64_TO_32_BIT_CONVERSION = YES;
				GCC_WARN_ABOUT_RETURN_TYPE = YES_ERROR;
				GCC_WARN_UNDECLARED_SELECTOR = YES;
				GCC_WARN_UNINITIALIZED_AUTOS = YES_AGGRESSIVE;
				GCC_WARN_UNUSED_FUNCTION = YES;
				GCC_WARN_UNUSED_VARIABLE = YES;
				MACOSX_DEPLOYMENT_TARGET = 10.10;
				MTL_ENABLE_DEBUG_INFO = YES;
				ONLY_ACTIVE_ARCH = YES;
				SDKROOT = macosx;
			};
			name = Debug;
		};
		5A69576B1AFA05AE00FF2FDB /* Release */ = {
			isa = XCBuildConfiguration;
			buildSettings = {
				ALWAYS_SEARCH_USER_PATHS = NO;
				CLANG_CXX_LANGUAGE_STANDARD = "gnu++0x";
				CLANG_CXX_LIBRARY = "libc++";
				CLANG_ENABLE_MODULES = YES;
				CLANG_ENABLE_OBJC_ARC = YES;
				CLANG_WARN_BOOL_CONVERSION = YES;
				CLANG_WARN_CONSTANT_CONVERSION = YES;
				CLANG_WARN_DIRECT_OBJC_ISA_USAGE = YES_ERROR;
				CLANG_WARN_EMPTY_BODY = YES;
				CLANG_WARN_ENUM_CONVERSION = YES;
				CLANG_WARN_INT_CONVERSION = YES;
				CLANG_WARN_OBJC_ROOT_CLASS = YES_ERROR;
				CLANG_WARN_UNREACHABLE_CODE = YES;
				CLANG_WARN__DUPLICATE_METHOD_MATCH = YES;
				COPY_PHASE_STRIP = NO;
				DEBUG_INFORMATION_FORMAT = "dwarf-with-dsym";
				ENABLE_NS_ASSERTIONS = NO;
				ENABLE_STRICT_OBJC_MSGSEND = YES;
				GCC_C_LANGUAGE_STANDARD = gnu99;
				GCC_NO_COMMON_BLOCKS = YES;
				GCC_WARN_64_TO_32_BIT_CONVERSION = YES;
				GCC_WARN_ABOUT_RETURN_TYPE = YES_ERROR;
				GCC_WARN_UNDECLARED_SELECTOR = YES;
				GCC_WARN_UNINITIALIZED_AUTOS = YES_AGGRESSIVE;
				GCC_WARN_UNUSED_FUNCTION = YES;
				GCC_WARN_UNUSED_VARIABLE = YES;
				MACOSX_DEPLOYMENT_TARGET = 10.10;
				MTL_ENABLE_DEBUG_INFO = NO;
				SDKROOT = macosx;
			};
			name = Release;
		};
		5A69576D1AFA05AE00FF2FDB /* Debug */ = {
			isa = XCBuildConfiguration;
			buildSettings = {
				PRODUCT_NAME = "$(TARGET_NAME)";
			};
			name = Debug;
		};
		5A69576E1AFA05AE00FF2FDB /* Release */ = {
			isa = XCBuildConfiguration;
			buildSettings = {
				PRODUCT_NAME = "$(TARGET_NAME)";
			};
			name = Release;
		};
		5A6ABE221B021B69003EA6EB /* Debug */ = {
			isa = XCBuildConfiguration;
			buildSettings = {
				GCC_PREPROCESSOR_DEFINITIONS = (
					"DEBUG=1",
					"$(inherited)",
				);
				PRODUCT_NAME = "$(TARGET_NAME)";
			};
			name = Debug;
		};
		5A6ABE231B021B69003EA6EB /* Release */ = {
			isa = XCBuildConfiguration;
			buildSettings = {
				PRODUCT_NAME = "$(TARGET_NAME)";
			};
			name = Release;
		};
/* End XCBuildConfiguration section */

/* Begin XCConfigurationList section */
		5A0583EB1B4D23100046C275 /* Build configuration list for PBXNativeTarget "IDPSyntaxTests" */ = {
			isa = XCConfigurationList;
			buildConfigurations = (
				5A0583EC1B4D23100046C275 /* Debug */,
				5A0583ED1B4D23100046C275 /* Release */,
			);
			defaultConfigurationIsVisible = 0;
			defaultConfigurationName = Release;
		};
		5A5CB65A1B4A7433002021A8 /* Build configuration list for PBXNativeTarget "ObjC Syntax" */ = {
			isa = XCConfigurationList;
			buildConfigurations = (
				5A5CB6581B4A7433002021A8 /* Debug */,
				5A5CB6591B4A7433002021A8 /* Release */,
			);
			defaultConfigurationIsVisible = 0;
			defaultConfigurationName = Release;
		};
		5A6957601AFA05AE00FF2FDB /* Build configuration list for PBXProject "IDPStudy" */ = {
			isa = XCConfigurationList;
			buildConfigurations = (
				5A69576A1AFA05AE00FF2FDB /* Debug */,
				5A69576B1AFA05AE00FF2FDB /* Release */,
			);
			defaultConfigurationIsVisible = 0;
			defaultConfigurationName = Release;
		};
		5A69576C1AFA05AE00FF2FDB /* Build configuration list for PBXNativeTarget "IDPStudy" */ = {
			isa = XCConfigurationList;
			buildConfigurations = (
				5A69576D1AFA05AE00FF2FDB /* Debug */,
				5A69576E1AFA05AE00FF2FDB /* Release */,
			);
			defaultConfigurationIsVisible = 0;
			defaultConfigurationName = Release;
		};
		5A6ABE211B021B69003EA6EB /* Build configuration list for PBXNativeTarget "IDPObjects" */ = {
			isa = XCConfigurationList;
			buildConfigurations = (
				5A6ABE221B021B69003EA6EB /* Debug */,
				5A6ABE231B021B69003EA6EB /* Release */,
			);
			defaultConfigurationIsVisible = 0;
			defaultConfigurationName = Release;
		};
/* End XCConfigurationList section */
	};
	rootObject = 5A69575D1AFA05AE00FF2FDB /* Project object */;
}
